
Microsoft Visual Studio Solution File, Format Version 12.00
# Visual Studio Version 17
VisualStudioVersion = 17.1.32210.238
MinimumVisualStudioVersion = 10.0.40219.1
Project("{FAE04EC0-301F-11D3-BF4B-00C04F79EFBC}") = "EmailService", "EmailService\EmailService.csproj", "{8F835A2C-DFE5-40EE-8311-696A88A0201C}"
EndProject
Global
	GlobalSection(SolutionConfigurationPlatforms) = preSolution
		Debug|Any CPU = Debug|Any CPU
		Release|Any CPU = Release|Any CPU
	EndGlobalSection
	GlobalSection(ProjectConfigurationPlatforms) = postSolution
		{8F835A2C-DFE5-40EE-8311-696A88A0201C}.Debug|Any CPU.ActiveCfg = Debug|Any CPU
		{8F835A2C-DFE5-40EE-8311-696A88A0201C}.Debug|Any CPU.Build.0 = Debug|Any CPU
		{8F835A2C-DFE5-40EE-8311-696A88A0201C}.Release|Any CPU.ActiveCfg = Release|Any CPU
		{8F835A2C-DFE5-40EE-8311-696A88A0201C}.Release|Any CPU.Build.0 = Release|Any CPU
	EndGlobalSection
	GlobalSection(SolutionProperties) = preSolution
		HideSolutionNode = FALSE
	EndGlobalSection
	GlobalSection(ExtensibilityGlobals) = postSolution
		SolutionGuid = {B5718657-F8F0-4953-B46F-F871BB353E46}
	EndGlobalSection
EndGlobal
